
Microsoft Visual Studio Solution File, Format Version 12.00
# Visual Studio Version 16
VisualStudioVersion = 16.0.31402.337
MinimumVisualStudioVersion = 10.0.40219.1
Project("{8BC9CEB8-8B4A-11D0-8D11-00A0C91BC942}") = "build_module", "build_module\build_module.vcxproj", "{476EFB5C-8D3A-4141-9D5A-95918CA0EF8A}"
EndProject
Project("{8BC9CEB8-8B4A-11D0-8D11-00A0C91BC942}") = "build_header", "build_header\build_header.vcxproj", "{BF9D19B6-AB06-4F76-A216-93AF21AC32CB}"
EndProject
Project("{8BC9CEB8-8B4A-11D0-8D11-00A0C91BC942}") = "build_stdafx", "build_stdafx\build_stdafx.vcxproj", "{63614BB8-14DD-4D05-947F-F94E4C08490B}"
EndProject
Global
	GlobalSection(SolutionConfigurationPlatforms) = preSolution
		Debug|x64 = Debug|x64
		Debug|x86 = Debug|x86
		Release|x64 = Release|x64
		Release|x86 = Release|x86
	EndGlobalSection
	GlobalSection(ProjectConfigurationPlatforms) = postSolution
		{476EFB5C-8D3A-4141-9D5A-95918CA0EF8A}.Debug|x64.ActiveCfg = Debug|x64
		{476EFB5C-8D3A-4141-9D5A-95918CA0EF8A}.Debug|x64.Build.0 = Debug|x64
		{476EFB5C-8D3A-4141-9D5A-95918CA0EF8A}.Debug|x86.ActiveCfg = Debug|Win32
		{476EFB5C-8D3A-4141-9D5A-95918CA0EF8A}.Debug|x86.Build.0 = Debug|Win32
		{476EFB5C-8D3A-4141-9D5A-95918CA0EF8A}.Release|x64.ActiveCfg = Release|x64
		{476EFB5C-8D3A-4141-9D5A-95918CA0EF8A}.Release|x64.Build.0 = Release|x64
		{476EFB5C-8D3A-4141-9D5A-95918CA0EF8A}.Release|x86.ActiveCfg = Release|Win32
		{476EFB5C-8D3A-4141-9D5A-95918CA0EF8A}.Release|x86.Build.0 = Release|Win32
		{BF9D19B6-AB06-4F76-A216-93AF21AC32CB}.Debug|x64.ActiveCfg = Debug|x64
		{BF9D19B6-AB06-4F76-A216-93AF21AC32CB}.Debug|x64.Build.0 = Debug|x64
		{BF9D19B6-AB06-4F76-A216-93AF21AC32CB}.Debug|x86.ActiveCfg = Debug|Win32
		{BF9D19B6-AB06-4F76-A216-93AF21AC32CB}.Debug|x86.Build.0 = Debug|Win32
		{BF9D19B6-AB06-4F76-A216-93AF21AC32CB}.Release|x64.ActiveCfg = Release|x64
		{BF9D19B6-AB06-4F76-A216-93AF21AC32CB}.Release|x64.Build.0 = Release|x64
		{BF9D19B6-AB06-4F76-A216-93AF21AC32CB}.Release|x86.ActiveCfg = Release|Win32
		{BF9D19B6-AB06-4F76-A216-93AF21AC32CB}.Release|x86.Build.0 = Release|Win32
		{63614BB8-14DD-4D05-947F-F94E4C08490B}.Debug|x64.ActiveCfg = Debug|x64
		{63614BB8-14DD-4D05-947F-F94E4C08490B}.Debug|x64.Build.0 = Debug|x64
		{63614BB8-14DD-4D05-947F-F94E4C08490B}.Debug|x86.ActiveCfg = Debug|Win32
		{63614BB8-14DD-4D05-947F-F94E4C08490B}.Debug|x86.Build.0 = Debug|Win32
		{63614BB8-14DD-4D05-947F-F94E4C08490B}.Release|x64.ActiveCfg = Release|x64
		{63614BB8-14DD-4D05-947F-F94E4C08490B}.Release|x64.Build.0 = Release|x64
		{63614BB8-14DD-4D05-947F-F94E4C08490B}.Release|x86.ActiveCfg = Release|Win32
		{63614BB8-14DD-4D05-947F-F94E4C08490B}.Release|x86.Build.0 = Release|Win32
	EndGlobalSection
	GlobalSection(SolutionProperties) = preSolution
		HideSolutionNode = FALSE
	EndGlobalSection
	GlobalSection(ExtensibilityGlobals) = postSolution
		SolutionGuid = {FAC2E0AA-2134-4FFA-871C-CBEE1713F2D7}
	EndGlobalSection
EndGlobal
